// !$*UTF8*$!
{
	archiveVersion = 1;
	classes = {
	};
	objectVersion = 46;
	objects = {

/* Begin PBXBuildFile section */
		C5BB8A2A17559DED00869B59 /* ItunesSearchProvider.m in Sources */ = {isa = PBXBuildFile; fileRef = C5BB8A2917559DED00869B59 /* ItunesSearchProvider.m */; };
		C5BB8A4317559FE400869B59 /* AFHTTPClient.m in Sources */ = {isa = PBXBuildFile; fileRef = C5BB8A3117559FE400869B59 /* AFHTTPClient.m */; };
		C5BB8A4417559FE400869B59 /* AFHTTPRequestOperation.m in Sources */ = {isa = PBXBuildFile; fileRef = C5BB8A3317559FE400869B59 /* AFHTTPRequestOperation.m */; };
		C5BB8A4517559FE400869B59 /* AFImageRequestOperation.m in Sources */ = {isa = PBXBuildFile; fileRef = C5BB8A3517559FE400869B59 /* AFImageRequestOperation.m */; };
		C5BB8A4617559FE400869B59 /* AFJSONRequestOperation.m in Sources */ = {isa = PBXBuildFile; fileRef = C5BB8A3717559FE400869B59 /* AFJSONRequestOperation.m */; };
		C5BB8A4717559FE400869B59 /* AFNetworkActivityIndicatorManager.m in Sources */ = {isa = PBXBuildFile; fileRef = C5BB8A3917559FE400869B59 /* AFNetworkActivityIndicatorManager.m */; };
		C5BB8A4817559FE400869B59 /* AFPropertyListRequestOperation.m in Sources */ = {isa = PBXBuildFile; fileRef = C5BB8A3C17559FE400869B59 /* AFPropertyListRequestOperation.m */; };
		C5BB8A4917559FE400869B59 /* AFURLConnectionOperation.m in Sources */ = {isa = PBXBuildFile; fileRef = C5BB8A3E17559FE400869B59 /* AFURLConnectionOperation.m */; };
		C5BB8A4A17559FE400869B59 /* AFXMLRequestOperation.m in Sources */ = {isa = PBXBuildFile; fileRef = C5BB8A4017559FE400869B59 /* AFXMLRequestOperation.m */; };
		C5BB8A4B17559FE400869B59 /* UIImageView+AFNetworking.m in Sources */ = {isa = PBXBuildFile; fileRef = C5BB8A4217559FE400869B59 /* UIImageView+AFNetworking.m */; };
		C5BB8A4D1755A29100869B59 /* SystemConfiguration.framework in Frameworks */ = {isa = PBXBuildFile; fileRef = C5BB8A4C1755A29100869B59 /* SystemConfiguration.framework */; };
		C5BB8A4F1755A29600869B59 /* MobileCoreServices.framework in Frameworks */ = {isa = PBXBuildFile; fileRef = C5BB8A4E1755A29600869B59 /* MobileCoreServices.framework */; };
		C5BB8A521755A56E00869B59 /* NSString+URLENCODE.m in Sources */ = {isa = PBXBuildFile; fileRef = C5BB8A511755A56D00869B59 /* NSString+URLENCODE.m */; };
		C5BB8A551755A60500869B59 /* ItunesApplicationCell.m in Sources */ = {isa = PBXBuildFile; fileRef = C5BB8A541755A60500869B59 /* ItunesApplicationCell.m */; };
		C5BB8A571755A61600869B59 /* ItunesApplicationCell.xib in Resources */ = {isa = PBXBuildFile; fileRef = C5BB8A561755A61600869B59 /* ItunesApplicationCell.xib */; };
		C5EB439A16D312ED0031F7B7 /* UIKit.framework in Frameworks */ = {isa = PBXBuildFile; fileRef = C5EB439916D312ED0031F7B7 /* UIKit.framework */; };
		C5EB439C16D312ED0031F7B7 /* Foundation.framework in Frameworks */ = {isa = PBXBuildFile; fileRef = C5EB439B16D312ED0031F7B7 /* Foundation.framework */; };
		C5EB439E16D312ED0031F7B7 /* CoreGraphics.framework in Frameworks */ = {isa = PBXBuildFile; fileRef = C5EB439D16D312ED0031F7B7 /* CoreGraphics.framework */; };
		C5EB43A416D312ED0031F7B7 /* InfoPlist.strings in Resources */ = {isa = PBXBuildFile; fileRef = C5EB43A216D312ED0031F7B7 /* InfoPlist.strings */; };
		C5EB43A616D312ED0031F7B7 /* main.m in Sources */ = {isa = PBXBuildFile; fileRef = C5EB43A516D312ED0031F7B7 /* main.m */; };
		C5EB43AA16D312ED0031F7B7 /* MFAppDelegate.m in Sources */ = {isa = PBXBuildFile; fileRef = C5EB43A916D312ED0031F7B7 /* MFAppDelegate.m */; };
		C5EB43AC16D312ED0031F7B7 /* Default.png in Resources */ = {isa = PBXBuildFile; fileRef = C5EB43AB16D312ED0031F7B7 /* Default.png */; };
		C5EB43AE16D312ED0031F7B7 /* Default@2x.png in Resources */ = {isa = PBXBuildFile; fileRef = C5EB43AD16D312ED0031F7B7 /* Default@2x.png */; };
		C5EB43B016D312ED0031F7B7 /* Default-568h@2x.png in Resources */ = {isa = PBXBuildFile; fileRef = C5EB43AF16D312ED0031F7B7 /* Default-568h@2x.png */; };
		C5EB43B316D312ED0031F7B7 /* MFViewController.m in Sources */ = {isa = PBXBuildFile; fileRef = C5EB43B216D312ED0031F7B7 /* MFViewController.m */; };
		C5EB43B616D312ED0031F7B7 /* MFViewController.xib in Resources */ = {isa = PBXBuildFile; fileRef = C5EB43B416D312ED0031F7B7 /* MFViewController.xib */; };
		C5EB43C216D315870031F7B7 /* MFMasonryView.m in Sources */ = {isa = PBXBuildFile; fileRef = C5EB43BF16D315870031F7B7 /* MFMasonryView.m */; };
		C5EB43C316D315870031F7B7 /* MFMasonryViewCell.m in Sources */ = {isa = PBXBuildFile; fileRef = C5EB43C116D315870031F7B7 /* MFMasonryViewCell.m */; };
		C5EB43C716D315B60031F7B7 /* ODRefreshControl.m in Sources */ = {isa = PBXBuildFile; fileRef = C5EB43C616D315B60031F7B7 /* ODRefreshControl.m */; };
		C5EB43CA16D315BE0031F7B7 /* MFMasonryBasedViewController.m in Sources */ = {isa = PBXBuildFile; fileRef = C5EB43C916D315BE0031F7B7 /* MFMasonryBasedViewController.m */; };
		C5EB43D016D315E00031F7B7 /* MFArrayProvider.m in Sources */ = {isa = PBXBuildFile; fileRef = C5EB43CD16D315E00031F7B7 /* MFArrayProvider.m */; };
		C5EB43D116D315E00031F7B7 /* MFDataProvider.m in Sources */ = {isa = PBXBuildFile; fileRef = C5EB43CF16D315E00031F7B7 /* MFDataProvider.m */; };
		C5EB43D616D316F80031F7B7 /* DemoCell.m in Sources */ = {isa = PBXBuildFile; fileRef = C5EB43D416D316F80031F7B7 /* DemoCell.m */; };
		C5EB43D716D316F80031F7B7 /* DemoCell.xib in Resources */ = {isa = PBXBuildFile; fileRef = C5EB43D516D316F80031F7B7 /* DemoCell.xib */; };
		C5EB43D916D3182F0031F7B7 /* DemoData.plist in Resources */ = {isa = PBXBuildFile; fileRef = C5EB43D816D3182F0031F7B7 /* DemoData.plist */; };
		C5EB43DB16D31E740031F7B7 /* QuartzCore.framework in Frameworks */ = {isa = PBXBuildFile; fileRef = C5EB43DA16D31E740031F7B7 /* QuartzCore.framework */; };
/* End PBXBuildFile section */

/* Begin PBXFileReference section */
		C5BB8A2817559DED00869B59 /* ItunesSearchProvider.h */ = {isa = PBXFileReference; fileEncoding = 4; lastKnownFileType = sourcecode.c.h; path = ItunesSearchProvider.h; sourceTree = "<group>"; };
		C5BB8A2917559DED00869B59 /* ItunesSearchProvider.m */ = {isa = PBXFileReference; fileEncoding = 4; lastKnownFileType = sourcecode.c.objc; path = ItunesSearchProvider.m; sourceTree = "<group>"; };
		C5BB8A3017559FE400869B59 /* AFHTTPClient.h */ = {isa = PBXFileReference; fileEncoding = 4; lastKnownFileType = sourcecode.c.h; path = AFHTTPClient.h; sourceTree = "<group>"; };
		C5BB8A3117559FE400869B59 /* AFHTTPClient.m */ = {isa = PBXFileReference; fileEncoding = 4; lastKnownFileType = sourcecode.c.objc; path = AFHTTPClient.m; sourceTree = "<group>"; };
		C5BB8A3217559FE400869B59 /* AFHTTPRequestOperation.h */ = {isa = PBXFileReference; fileEncoding = 4; lastKnownFileType = sourcecode.c.h; path = AFHTTPRequestOperation.h; sourceTree = "<group>"; };
		C5BB8A3317559FE400869B59 /* AFHTTPRequestOperation.m */ = {isa = PBXFileReference; fileEncoding = 4; lastKnownFileType = sourcecode.c.objc; path = AFHTTPRequestOperation.m; sourceTree = "<group>"; };
		C5BB8A3417559FE400869B59 /* AFImageRequestOperation.h */ = {isa = PBXFileReference; fileEncoding = 4; lastKnownFileType = sourcecode.c.h; path = AFImageRequestOperation.h; sourceTree = "<group>"; };
		C5BB8A3517559FE400869B59 /* AFImageRequestOperation.m */ = {isa = PBXFileReference; fileEncoding = 4; lastKnownFileType = sourcecode.c.objc; path = AFImageRequestOperation.m; sourceTree = "<group>"; };
		C5BB8A3617559FE400869B59 /* AFJSONRequestOperation.h */ = {isa = PBXFileReference; fileEncoding = 4; lastKnownFileType = sourcecode.c.h; path = AFJSONRequestOperation.h; sourceTree = "<group>"; };
		C5BB8A3717559FE400869B59 /* AFJSONRequestOperation.m */ = {isa = PBXFileReference; fileEncoding = 4; lastKnownFileType = sourcecode.c.objc; path = AFJSONRequestOperation.m; sourceTree = "<group>"; };
		C5BB8A3817559FE400869B59 /* AFNetworkActivityIndicatorManager.h */ = {isa = PBXFileReference; fileEncoding = 4; lastKnownFileType = sourcecode.c.h; path = AFNetworkActivityIndicatorManager.h; sourceTree = "<group>"; };
		C5BB8A3917559FE400869B59 /* AFNetworkActivityIndicatorManager.m */ = {isa = PBXFileReference; fileEncoding = 4; lastKnownFileType = sourcecode.c.objc; path = AFNetworkActivityIndicatorManager.m; sourceTree = "<group>"; };
		C5BB8A3A17559FE400869B59 /* AFNetworking.h */ = {isa = PBXFileReference; fileEncoding = 4; lastKnownFileType = sourcecode.c.h; path = AFNetworking.h; sourceTree = "<group>"; };
		C5BB8A3B17559FE400869B59 /* AFPropertyListRequestOperation.h */ = {isa = PBXFileReference; fileEncoding = 4; lastKnownFileType = sourcecode.c.h; path = AFPropertyListRequestOperation.h; sourceTree = "<group>"; };
		C5BB8A3C17559FE400869B59 /* AFPropertyListRequestOperation.m */ = {isa = PBXFileReference; fileEncoding = 4; lastKnownFileType = sourcecode.c.objc; path = AFPropertyListRequestOperation.m; sourceTree = "<group>"; };
		C5BB8A3D17559FE400869B59 /* AFURLConnectionOperation.h */ = {isa = PBXFileReference; fileEncoding = 4; lastKnownFileType = sourcecode.c.h; path = AFURLConnectionOperation.h; sourceTree = "<group>"; };
		C5BB8A3E17559FE400869B59 /* AFURLConnectionOperation.m */ = {isa = PBXFileReference; fileEncoding = 4; lastKnownFileType = sourcecode.c.objc; path = AFURLConnectionOperation.m; sourceTree = "<group>"; };
		C5BB8A3F17559FE400869B59 /* AFXMLRequestOperation.h */ = {isa = PBXFileReference; fileEncoding = 4; lastKnownFileType = sourcecode.c.h; path = AFXMLRequestOperation.h; sourceTree = "<group>"; };
		C5BB8A4017559FE400869B59 /* AFXMLRequestOperation.m */ = {isa = PBXFileReference; fileEncoding = 4; lastKnownFileType = sourcecode.c.objc; path = AFXMLRequestOperation.m; sourceTree = "<group>"; };
		C5BB8A4117559FE400869B59 /* UIImageView+AFNetworking.h */ = {isa = PBXFileReference; fileEncoding = 4; lastKnownFileType = sourcecode.c.h; path = "UIImageView+AFNetworking.h"; sourceTree = "<group>"; };
		C5BB8A4217559FE400869B59 /* UIImageView+AFNetworking.m */ = {isa = PBXFileReference; fileEncoding = 4; lastKnownFileType = sourcecode.c.objc; path = "UIImageView+AFNetworking.m"; sourceTree = "<group>"; };
		C5BB8A4C1755A29100869B59 /* SystemConfiguration.framework */ = {isa = PBXFileReference; lastKnownFileType = wrapper.framework; name = SystemConfiguration.framework; path = System/Library/Frameworks/SystemConfiguration.framework; sourceTree = SDKROOT; };
		C5BB8A4E1755A29600869B59 /* MobileCoreServices.framework */ = {isa = PBXFileReference; lastKnownFileType = wrapper.framework; name = MobileCoreServices.framework; path = System/Library/Frameworks/MobileCoreServices.framework; sourceTree = SDKROOT; };
		C5BB8A501755A56D00869B59 /* NSString+URLENCODE.h */ = {isa = PBXFileReference; fileEncoding = 4; lastKnownFileType = sourcecode.c.h; name = "NSString+URLENCODE.h"; path = "MFMasonryView/NSString+URLENCODE.h"; sourceTree = "<group>"; };
		C5BB8A511755A56D00869B59 /* NSString+URLENCODE.m */ = {isa = PBXFileReference; fileEncoding = 4; lastKnownFileType = sourcecode.c.objc; name = "NSString+URLENCODE.m"; path = "MFMasonryView/NSString+URLENCODE.m"; sourceTree = "<group>"; };
		C5BB8A531755A60500869B59 /* ItunesApplicationCell.h */ = {isa = PBXFileReference; fileEncoding = 4; lastKnownFileType = sourcecode.c.h; path = ItunesApplicationCell.h; sourceTree = "<group>"; };
		C5BB8A541755A60500869B59 /* ItunesApplicationCell.m */ = {isa = PBXFileReference; fileEncoding = 4; lastKnownFileType = sourcecode.c.objc; path = ItunesApplicationCell.m; sourceTree = "<group>"; };
		C5BB8A561755A61600869B59 /* ItunesApplicationCell.xib */ = {isa = PBXFileReference; fileEncoding = 4; lastKnownFileType = file.xib; path = ItunesApplicationCell.xib; sourceTree = "<group>"; };
		C5EB439616D312ED0031F7B7 /* MFMasonryView.app */ = {isa = PBXFileReference; explicitFileType = wrapper.application; includeInIndex = 0; path = MFMasonryView.app; sourceTree = BUILT_PRODUCTS_DIR; };
		C5EB439916D312ED0031F7B7 /* UIKit.framework */ = {isa = PBXFileReference; lastKnownFileType = wrapper.framework; name = UIKit.framework; path = System/Library/Frameworks/UIKit.framework; sourceTree = SDKROOT; };
		C5EB439B16D312ED0031F7B7 /* Foundation.framework */ = {isa = PBXFileReference; lastKnownFileType = wrapper.framework; name = Foundation.framework; path = System/Library/Frameworks/Foundation.framework; sourceTree = SDKROOT; };
		C5EB439D16D312ED0031F7B7 /* CoreGraphics.framework */ = {isa = PBXFileReference; lastKnownFileType = wrapper.framework; name = CoreGraphics.framework; path = System/Library/Frameworks/CoreGraphics.framework; sourceTree = SDKROOT; };
		C5EB43A116D312ED0031F7B7 /* MFMasonryView-Info.plist */ = {isa = PBXFileReference; lastKnownFileType = text.plist.xml; path = "MFMasonryView-Info.plist"; sourceTree = "<group>"; };
		C5EB43A316D312ED0031F7B7 /* en */ = {isa = PBXFileReference; lastKnownFileType = text.plist.strings; name = en; path = en.lproj/InfoPlist.strings; sourceTree = "<group>"; };
		C5EB43A516D312ED0031F7B7 /* main.m */ = {isa = PBXFileReference; lastKnownFileType = sourcecode.c.objc; path = main.m; sourceTree = "<group>"; };
		C5EB43A716D312ED0031F7B7 /* MFMasonryView-Prefix.pch */ = {isa = PBXFileReference; lastKnownFileType = sourcecode.c.h; path = "MFMasonryView-Prefix.pch"; sourceTree = "<group>"; };
		C5EB43A816D312ED0031F7B7 /* MFAppDelegate.h */ = {isa = PBXFileReference; lastKnownFileType = sourcecode.c.h; path = MFAppDelegate.h; sourceTree = "<group>"; };
		C5EB43A916D312ED0031F7B7 /* MFAppDelegate.m */ = {isa = PBXFileReference; lastKnownFileType = sourcecode.c.objc; path = MFAppDelegate.m; sourceTree = "<group>"; };
		C5EB43AB16D312ED0031F7B7 /* Default.png */ = {isa = PBXFileReference; lastKnownFileType = image.png; path = Default.png; sourceTree = "<group>"; };
		C5EB43AD16D312ED0031F7B7 /* Default@2x.png */ = {isa = PBXFileReference; lastKnownFileType = image.png; path = "Default@2x.png"; sourceTree = "<group>"; };
		C5EB43AF16D312ED0031F7B7 /* Default-568h@2x.png */ = {isa = PBXFileReference; lastKnownFileType = image.png; path = "Default-568h@2x.png"; sourceTree = "<group>"; };
		C5EB43B116D312ED0031F7B7 /* MFViewController.h */ = {isa = PBXFileReference; lastKnownFileType = sourcecode.c.h; path = MFViewController.h; sourceTree = "<group>"; };
		C5EB43B216D312ED0031F7B7 /* MFViewController.m */ = {isa = PBXFileReference; lastKnownFileType = sourcecode.c.objc; path = MFViewController.m; sourceTree = "<group>"; };
		C5EB43B516D312ED0031F7B7 /* en */ = {isa = PBXFileReference; lastKnownFileType = file.xib; name = en; path = en.lproj/MFViewController.xib; sourceTree = "<group>"; };
		C5EB43BE16D315870031F7B7 /* MFMasonryView.h */ = {isa = PBXFileReference; fileEncoding = 4; lastKnownFileType = sourcecode.c.h; path = MFMasonryView.h; sourceTree = "<group>"; };
		C5EB43BF16D315870031F7B7 /* MFMasonryView.m */ = {isa = PBXFileReference; fileEncoding = 4; lastKnownFileType = sourcecode.c.objc; path = MFMasonryView.m; sourceTree = "<group>"; };
		C5EB43C016D315870031F7B7 /* MFMasonryViewCell.h */ = {isa = PBXFileReference; fileEncoding = 4; lastKnownFileType = sourcecode.c.h; path = MFMasonryViewCell.h; sourceTree = "<group>"; };
		C5EB43C116D315870031F7B7 /* MFMasonryViewCell.m */ = {isa = PBXFileReference; fileEncoding = 4; lastKnownFileType = sourcecode.c.objc; path = MFMasonryViewCell.m; sourceTree = "<group>"; };
		C5EB43C516D315B60031F7B7 /* ODRefreshControl.h */ = {isa = PBXFileReference; fileEncoding = 4; lastKnownFileType = sourcecode.c.h; path = ODRefreshControl.h; sourceTree = "<group>"; };
		C5EB43C616D315B60031F7B7 /* ODRefreshControl.m */ = {isa = PBXFileReference; fileEncoding = 4; lastKnownFileType = sourcecode.c.objc; path = ODRefreshControl.m; sourceTree = "<group>"; };
		C5EB43C816D315BE0031F7B7 /* MFMasonryBasedViewController.h */ = {isa = PBXFileReference; fileEncoding = 4; lastKnownFileType = sourcecode.c.h; path = MFMasonryBasedViewController.h; sourceTree = "<group>"; };
		C5EB43C916D315BE0031F7B7 /* MFMasonryBasedViewController.m */ = {isa = PBXFileReference; fileEncoding = 4; lastKnownFileType = sourcecode.c.objc; path = MFMasonryBasedViewController.m; sourceTree = "<group>"; };
		C5EB43CC16D315E00031F7B7 /* MFArrayProvider.h */ = {isa = PBXFileReference; fileEncoding = 4; lastKnownFileType = sourcecode.c.h; path = MFArrayProvider.h; sourceTree = "<group>"; };
		C5EB43CD16D315E00031F7B7 /* MFArrayProvider.m */ = {isa = PBXFileReference; fileEncoding = 4; lastKnownFileType = sourcecode.c.objc; path = MFArrayProvider.m; sourceTree = "<group>"; };
		C5EB43CE16D315E00031F7B7 /* MFDataProvider.h */ = {isa = PBXFileReference; fileEncoding = 4; lastKnownFileType = sourcecode.c.h; path = MFDataProvider.h; sourceTree = "<group>"; };
		C5EB43CF16D315E00031F7B7 /* MFDataProvider.m */ = {isa = PBXFileReference; fileEncoding = 4; lastKnownFileType = sourcecode.c.objc; path = MFDataProvider.m; sourceTree = "<group>"; };
		C5EB43D316D316F80031F7B7 /* DemoCell.h */ = {isa = PBXFileReference; fileEncoding = 4; lastKnownFileType = sourcecode.c.h; path = DemoCell.h; sourceTree = "<group>"; };
		C5EB43D416D316F80031F7B7 /* DemoCell.m */ = {isa = PBXFileReference; fileEncoding = 4; lastKnownFileType = sourcecode.c.objc; path = DemoCell.m; sourceTree = "<group>"; };
		C5EB43D516D316F80031F7B7 /* DemoCell.xib */ = {isa = PBXFileReference; fileEncoding = 4; lastKnownFileType = file.xib; path = DemoCell.xib; sourceTree = "<group>"; };
		C5EB43D816D3182F0031F7B7 /* DemoData.plist */ = {isa = PBXFileReference; fileEncoding = 4; lastKnownFileType = text.plist.xml; path = DemoData.plist; sourceTree = "<group>"; };
		C5EB43DA16D31E740031F7B7 /* QuartzCore.framework */ = {isa = PBXFileReference; lastKnownFileType = wrapper.framework; name = QuartzCore.framework; path = System/Library/Frameworks/QuartzCore.framework; sourceTree = SDKROOT; };
/* End PBXFileReference section */

/* Begin PBXFrameworksBuildPhase section */
		C5EB439316D312ED0031F7B7 /* Frameworks */ = {
			isa = PBXFrameworksBuildPhase;
			buildActionMask = 2147483647;
			files = (
				C5BB8A4F1755A29600869B59 /* MobileCoreServices.framework in Frameworks */,
				C5BB8A4D1755A29100869B59 /* SystemConfiguration.framework in Frameworks */,
				C5EB43DB16D31E740031F7B7 /* QuartzCore.framework in Frameworks */,
				C5EB439A16D312ED0031F7B7 /* UIKit.framework in Frameworks */,
				C5EB439C16D312ED0031F7B7 /* Foundation.framework in Frameworks */,
				C5EB439E16D312ED0031F7B7 /* CoreGraphics.framework in Frameworks */,
			);
			runOnlyForDeploymentPostprocessing = 0;
		};
/* End PBXFrameworksBuildPhase section */

/* Begin PBXGroup section */
		C5BB8A2717559DC500869B59 /* Provider */ = {
			isa = PBXGroup;
			children = (
				C5BB8A2817559DED00869B59 /* ItunesSearchProvider.h */,
				C5BB8A2917559DED00869B59 /* ItunesSearchProvider.m */,
			);
			name = Provider;
			sourceTree = "<group>";
		};
		C5BB8A2F17559FE400869B59 /* AFNetworking */ = {
			isa = PBXGroup;
			children = (
				C5BB8A3017559FE400869B59 /* AFHTTPClient.h */,
				C5BB8A3117559FE400869B59 /* AFHTTPClient.m */,
				C5BB8A3217559FE400869B59 /* AFHTTPRequestOperation.h */,
				C5BB8A3317559FE400869B59 /* AFHTTPRequestOperation.m */,
				C5BB8A3417559FE400869B59 /* AFImageRequestOperation.h */,
				C5BB8A3517559FE400869B59 /* AFImageRequestOperation.m */,
				C5BB8A3617559FE400869B59 /* AFJSONRequestOperation.h */,
				C5BB8A3717559FE400869B59 /* AFJSONRequestOperation.m */,
				C5BB8A3817559FE400869B59 /* AFNetworkActivityIndicatorManager.h */,
				C5BB8A3917559FE400869B59 /* AFNetworkActivityIndicatorManager.m */,
				C5BB8A3A17559FE400869B59 /* AFNetworking.h */,
				C5BB8A3B17559FE400869B59 /* AFPropertyListRequestOperation.h */,
				C5BB8A3C17559FE400869B59 /* AFPropertyListRequestOperation.m */,
				C5BB8A3D17559FE400869B59 /* AFURLConnectionOperation.h */,
				C5BB8A3E17559FE400869B59 /* AFURLConnectionOperation.m */,
				C5BB8A3F17559FE400869B59 /* AFXMLRequestOperation.h */,
				C5BB8A4017559FE400869B59 /* AFXMLRequestOperation.m */,
				C5BB8A4117559FE400869B59 /* UIImageView+AFNetworking.h */,
				C5BB8A4217559FE400869B59 /* UIImageView+AFNetworking.m */,
			);
			name = AFNetworking;
			path = MFMasonryView/AFNetworking;
			sourceTree = "<group>";
		};
		C5EB438D16D312ED0031F7B7 = {
			isa = PBXGroup;
			children = (
				C5BB8A501755A56D00869B59 /* NSString+URLENCODE.h */,
				C5BB8A511755A56D00869B59 /* NSString+URLENCODE.m */,
				C5BB8A2F17559FE400869B59 /* AFNetworking */,
				C5EB43C416D315A20031F7B7 /* ODRefreshControl */,
				C5EB43BD16D315790031F7B7 /* MFMasoryView */,
				C5EB439F16D312ED0031F7B7 /* Demo */,
				C5EB439816D312ED0031F7B7 /* Frameworks */,
				C5EB439716D312ED0031F7B7 /* Products */,
			);
			sourceTree = "<group>";
		};
		C5EB439716D312ED0031F7B7 /* Products */ = {
			isa = PBXGroup;
			children = (
				C5EB439616D312ED0031F7B7 /* MFMasonryView.app */,
			);
			name = Products;
			sourceTree = "<group>";
		};
		C5EB439816D312ED0031F7B7 /* Frameworks */ = {
			isa = PBXGroup;
			children = (
				C5BB8A4E1755A29600869B59 /* MobileCoreServices.framework */,
				C5BB8A4C1755A29100869B59 /* SystemConfiguration.framework */,
				C5EB43DA16D31E740031F7B7 /* QuartzCore.framework */,
				C5EB439916D312ED0031F7B7 /* UIKit.framework */,
				C5EB439B16D312ED0031F7B7 /* Foundation.framework */,
				C5EB439D16D312ED0031F7B7 /* CoreGraphics.framework */,
			);
			name = Frameworks;
			sourceTree = "<group>";
		};
		C5EB439F16D312ED0031F7B7 /* Demo */ = {
			isa = PBXGroup;
			children = (
				C5BB8A2717559DC500869B59 /* Provider */,
				C5EB43D816D3182F0031F7B7 /* DemoData.plist */,
				C5EB43D216D316EA0031F7B7 /* Cell */,
				C5EB43A816D312ED0031F7B7 /* MFAppDelegate.h */,
				C5EB43A916D312ED0031F7B7 /* MFAppDelegate.m */,
				C5EB43B116D312ED0031F7B7 /* MFViewController.h */,
				C5EB43B216D312ED0031F7B7 /* MFViewController.m */,
				C5EB43B416D312ED0031F7B7 /* MFViewController.xib */,
				C5EB43A016D312ED0031F7B7 /* Supporting Files */,
			);
			name = Demo;
			path = MFMasonryView;
			sourceTree = "<group>";
		};
		C5EB43A016D312ED0031F7B7 /* Supporting Files */ = {
			isa = PBXGroup;
			children = (
				C5EB43A116D312ED0031F7B7 /* MFMasonryView-Info.plist */,
				C5EB43A216D312ED0031F7B7 /* InfoPlist.strings */,
				C5EB43A516D312ED0031F7B7 /* main.m */,
				C5EB43A716D312ED0031F7B7 /* MFMasonryView-Prefix.pch */,
				C5EB43AB16D312ED0031F7B7 /* Default.png */,
				C5EB43AD16D312ED0031F7B7 /* Default@2x.png */,
				C5EB43AF16D312ED0031F7B7 /* Default-568h@2x.png */,
			);
			name = "Supporting Files";
			sourceTree = "<group>";
		};
		C5EB43BD16D315790031F7B7 /* MFMasoryView */ = {
			isa = PBXGroup;
			children = (
				C5EB43CB16D315D70031F7B7 /* Extend */,
				C5EB43BE16D315870031F7B7 /* MFMasonryView.h */,
				C5EB43BF16D315870031F7B7 /* MFMasonryView.m */,
				C5EB43C016D315870031F7B7 /* MFMasonryViewCell.h */,
				C5EB43C116D315870031F7B7 /* MFMasonryViewCell.m */,
			);
			name = MFMasoryView;
			sourceTree = "<group>";
		};
		C5EB43C416D315A20031F7B7 /* ODRefreshControl */ = {
			isa = PBXGroup;
			children = (
				C5EB43C516D315B60031F7B7 /* ODRefreshControl.h */,
				C5EB43C616D315B60031F7B7 /* ODRefreshControl.m */,
			);
			name = ODRefreshControl;
			sourceTree = "<group>";
		};
		C5EB43CB16D315D70031F7B7 /* Extend */ = {
			isa = PBXGroup;
			children = (
				C5EB43CC16D315E00031F7B7 /* MFArrayProvider.h */,
				C5EB43CD16D315E00031F7B7 /* MFArrayProvider.m */,
				C5EB43CE16D315E00031F7B7 /* MFDataProvider.h */,
				C5EB43CF16D315E00031F7B7 /* MFDataProvider.m */,
				C5EB43C816D315BE0031F7B7 /* MFMasonryBasedViewController.h */,
				C5EB43C916D315BE0031F7B7 /* MFMasonryBasedViewController.m */,
			);
			name = Extend;
			sourceTree = "<group>";
		};
		C5EB43D216D316EA0031F7B7 /* Cell */ = {
			isa = PBXGroup;
			children = (
				C5EB43D316D316F80031F7B7 /* DemoCell.h */,
				C5EB43D416D316F80031F7B7 /* DemoCell.m */,
				C5EB43D516D316F80031F7B7 /* DemoCell.xib */,
				C5BB8A531755A60500869B59 /* ItunesApplicationCell.h */,
				C5BB8A541755A60500869B59 /* ItunesApplicationCell.m */,
				C5BB8A561755A61600869B59 /* ItunesApplicationCell.xib */,
			);
			name = Cell;
			sourceTree = "<group>";
		};
/* End PBXGroup section */

/* Begin PBXNativeTarget section */
		C5EB439516D312ED0031F7B7 /* MFMasonryView */ = {
			isa = PBXNativeTarget;
			buildConfigurationList = C5EB43B916D312ED0031F7B7 /* Build configuration list for PBXNativeTarget "MFMasonryView" */;
			buildPhases = (
				C5EB439216D312ED0031F7B7 /* Sources */,
				C5EB439316D312ED0031F7B7 /* Frameworks */,
				C5EB439416D312ED0031F7B7 /* Resources */,
			);
			buildRules = (
			);
			dependencies = (
			);
			name = MFMasonryView;
			productName = MFMasonryView;
			productReference = C5EB439616D312ED0031F7B7 /* MFMasonryView.app */;
			productType = "com.apple.product-type.application";
		};
/* End PBXNativeTarget section */

/* Begin PBXProject section */
		C5EB438E16D312ED0031F7B7 /* Project object */ = {
			isa = PBXProject;
			attributes = {
				CLASSPREFIX = MF;
				LastUpgradeCheck = 0460;
				ORGANIZATIONNAME = uptown;
			};
			buildConfigurationList = C5EB439116D312ED0031F7B7 /* Build configuration list for PBXProject "MFMasonryView" */;
			compatibilityVersion = "Xcode 3.2";
			developmentRegion = English;
			hasScannedForEncodings = 0;
			knownRegions = (
				en,
			);
			mainGroup = C5EB438D16D312ED0031F7B7;
			productRefGroup = C5EB439716D312ED0031F7B7 /* Products */;
			projectDirPath = "";
			projectRoot = "";
			targets = (
				C5EB439516D312ED0031F7B7 /* MFMasonryView */,
			);
		};
/* End PBXProject section */

/* Begin PBXResourcesBuildPhase section */
		C5EB439416D312ED0031F7B7 /* Resources */ = {
			isa = PBXResourcesBuildPhase;
			buildActionMask = 2147483647;
			files = (
				C5EB43A416D312ED0031F7B7 /* InfoPlist.strings in Resources */,
				C5EB43AC16D312ED0031F7B7 /* Default.png in Resources */,
				C5EB43AE16D312ED0031F7B7 /* Default@2x.png in Resources */,
				C5EB43B016D312ED0031F7B7 /* Default-568h@2x.png in Resources */,
				C5EB43B616D312ED0031F7B7 /* MFViewController.xib in Resources */,
				C5EB43D716D316F80031F7B7 /* DemoCell.xib in Resources */,
				C5EB43D916D3182F0031F7B7 /* DemoData.plist in Resources */,
				C5BB8A571755A61600869B59 /* ItunesApplicationCell.xib in Resources */,
			);
			runOnlyForDeploymentPostprocessing = 0;
		};
/* End PBXResourcesBuildPhase section */

/* Begin PBXSourcesBuildPhase section */
		C5EB439216D312ED0031F7B7 /* Sources */ = {
			isa = PBXSourcesBuildPhase;
			buildActionMask = 2147483647;
			files = (
				C5EB43A616D312ED0031F7B7 /* main.m in Sources */,
				C5EB43AA16D312ED0031F7B7 /* MFAppDelegate.m in Sources */,
				C5EB43B316D312ED0031F7B7 /* MFViewController.m in Sources */,
				C5EB43C216D315870031F7B7 /* MFMasonryView.m in Sources */,
				C5EB43C316D315870031F7B7 /* MFMasonryViewCell.m in Sources */,
				C5EB43C716D315B60031F7B7 /* ODRefreshControl.m in Sources */,
				C5EB43CA16D315BE0031F7B7 /* MFMasonryBasedViewController.m in Sources */,
				C5EB43D016D315E00031F7B7 /* MFArrayProvider.m in Sources */,
				C5EB43D116D315E00031F7B7 /* MFDataProvider.m in Sources */,
				C5EB43D616D316F80031F7B7 /* DemoCell.m in Sources */,
				C5BB8A2A17559DED00869B59 /* ItunesSearchProvider.m in Sources */,
				C5BB8A4317559FE400869B59 /* AFHTTPClient.m in Sources */,
				C5BB8A4417559FE400869B59 /* AFHTTPRequestOperation.m in Sources */,
				C5BB8A4517559FE400869B59 /* AFImageRequestOperation.m in Sources */,
				C5BB8A4617559FE400869B59 /* AFJSONRequestOperation.m in Sources */,
				C5BB8A4717559FE400869B59 /* AFNetworkActivityIndicatorManager.m in Sources */,
				C5BB8A4817559FE400869B59 /* AFPropertyListRequestOperation.m in Sources */,
				C5BB8A4917559FE400869B59 /* AFURLConnectionOperation.m in Sources */,
				C5BB8A4A17559FE400869B59 /* AFXMLRequestOperation.m in Sources */,
				C5BB8A4B17559FE400869B59 /* UIImageView+AFNetworking.m in Sources */,
				C5BB8A521755A56E00869B59 /* NSString+URLENCODE.m in Sources */,
				C5BB8A551755A60500869B59 /* ItunesApplicationCell.m in Sources */,
			);
			runOnlyForDeploymentPostprocessing = 0;
		};
/* End PBXSourcesBuildPhase section */

/* Begin PBXVariantGroup section */
		C5EB43A216D312ED0031F7B7 /* InfoPlist.strings */ = {
			isa = PBXVariantGroup;
			children = (
				C5EB43A316D312ED0031F7B7 /* en */,
			);
			name = InfoPlist.strings;
			sourceTree = "<group>";
		};
		C5EB43B416D312ED0031F7B7 /* MFViewController.xib */ = {
			isa = PBXVariantGroup;
			children = (
				C5EB43B516D312ED0031F7B7 /* en */,
			);
			name = MFViewController.xib;
			sourceTree = "<group>";
		};
/* End PBXVariantGroup section */

/* Begin XCBuildConfiguration section */
		C5EB43B716D312ED0031F7B7 /* Debug */ = {
			isa = XCBuildConfiguration;
			buildSettings = {
				ALWAYS_SEARCH_USER_PATHS = NO;
				CLANG_CXX_LANGUAGE_STANDARD = "gnu++0x";
				CLANG_CXX_LIBRARY = "libc++";
				CLANG_ENABLE_OBJC_ARC = YES;
				CLANG_WARN_CONSTANT_CONVERSION = YES;
				CLANG_WARN_EMPTY_BODY = YES;
				CLANG_WARN_ENUM_CONVERSION = YES;
				CLANG_WARN_INT_CONVERSION = YES;
				CLANG_WARN__DUPLICATE_METHOD_MATCH = YES;
				"CODE_SIGN_IDENTITY[sdk=iphoneos*]" = "iPhone Developer";
				COPY_PHASE_STRIP = NO;
				GCC_C_LANGUAGE_STANDARD = gnu99;
				GCC_DYNAMIC_NO_PIC = NO;
				GCC_OPTIMIZATION_LEVEL = 0;
				GCC_PREPROCESSOR_DEFINITIONS = (
					"DEBUG=1",
					"$(inherited)",
				);
				GCC_SYMBOLS_PRIVATE_EXTERN = NO;
				GCC_WARN_ABOUT_RETURN_TYPE = YES;
				GCC_WARN_UNINITIALIZED_AUTOS = YES;
				GCC_WARN_UNUSED_VARIABLE = YES;
				IPHONEOS_DEPLOYMENT_TARGET = 6.1;
				ONLY_ACTIVE_ARCH = YES;
				SDKROOT = iphoneos;
			};
			name = Debug;
		};
		C5EB43B816D312ED0031F7B7 /* Release */ = {
			isa = XCBuildConfiguration;
			buildSettings = {
				ALWAYS_SEARCH_USER_PATHS = NO;
				CLANG_CXX_LANGUAGE_STANDARD = "gnu++0x";
				CLANG_CXX_LIBRARY = "libc++";
				CLANG_ENABLE_OBJC_ARC = YES;
				CLANG_WARN_CONSTANT_CONVERSION = YES;
				CLANG_WARN_EMPTY_BODY = YES;
				CLANG_WARN_ENUM_CONVERSION = YES;
				CLANG_WARN_INT_CONVERSION = YES;
				CLANG_WARN__DUPLICATE_METHOD_MATCH = YES;
				"CODE_SIGN_IDENTITY[sdk=iphoneos*]" = "iPhone Developer";
				COPY_PHASE_STRIP = YES;
				GCC_C_LANGUAGE_STANDARD = gnu99;
				GCC_WARN_ABOUT_RETURN_TYPE = YES;
				GCC_WARN_UNINITIALIZED_AUTOS = YES;
				GCC_WARN_UNUSED_VARIABLE = YES;
				IPHONEOS_DEPLOYMENT_TARGET = 6.1;
				OTHER_CFLAGS = "-DNS_BLOCK_ASSERTIONS=1";
				SDKROOT = iphoneos;
				VALIDATE_PRODUCT = YES;
			};
			name = Release;
		};
		C5EB43BA16D312ED0031F7B7 /* Debug */ = {
			isa = XCBuildConfiguration;
			buildSettings = {
				GCC_PRECOMPILE_PREFIX_HEADER = YES;
				GCC_PREFIX_HEADER = "MFMasonryView/MFMasonryView-Prefix.pch";
				INFOPLIST_FILE = "MFMasonryView/MFMasonryView-Info.plist";
				IPHONEOS_DEPLOYMENT_TARGET = 5.0;
				PRODUCT_NAME = "$(TARGET_NAME)";
				TARGETED_DEVICE_FAMILY = "1,2";
				WRAPPER_EXTENSION = app;
			};
			name = Debug;
		};
		C5EB43BB16D312ED0031F7B7 /* Release */ = {
			isa = XCBuildConfiguration;
			buildSettings = {
				GCC_PRECOMPILE_PREFIX_HEADER = YES;
				GCC_PREFIX_HEADER = "MFMasonryView/MFMasonryView-Prefix.pch";
				INFOPLIST_FILE = "MFMasonryView/MFMasonryView-Info.plist";
				IPHONEOS_DEPLOYMENT_TARGET = 5.0;
				PRODUCT_NAME = "$(TARGET_NAME)";
				TARGETED_DEVICE_FAMILY = "1,2";
				WRAPPER_EXTENSION = app;
			};
			name = Release;
		};
/* End XCBuildConfiguration section */

/* Begin XCConfigurationList section */
		C5EB439116D312ED0031F7B7 /* Build configuration list for PBXProject "MFMasonryView" */ = {
			isa = XCConfigurationList;
			buildConfigurations = (
				C5EB43B716D312ED0031F7B7 /* Debug */,
				C5EB43B816D312ED0031F7B7 /* Release */,
			);
			defaultConfigurationIsVisible = 0;
			defaultConfigurationName = Release;
		};
		C5EB43B916D312ED0031F7B7 /* Build configuration list for PBXNativeTarget "MFMasonryView" */ = {
			isa = XCConfigurationList;
			buildConfigurations = (
				C5EB43BA16D312ED0031F7B7 /* Debug */,
				C5EB43BB16D312ED0031F7B7 /* Release */,
			);
			defaultConfigurationIsVisible = 0;
			defaultConfigurationName = Release;
		};
/* End XCConfigurationList section */
	};
	rootObject = C5EB438E16D312ED0031F7B7 /* Project object */;
}
